// !$*UTF8*$!
{
	archiveVersion = 1;
	classes = {
	};
	objectVersion = 50;
	objects = {

/* Begin PBXBuildFile section */
		BC17B943251891D3005B5C61 /* AppDelegate.swift in Sources */ = {isa = PBXBuildFile; fileRef = BC17B942251891D3005B5C61 /* AppDelegate.swift */; };
		BC17B945251891D3005B5C61 /* SceneDelegate.swift in Sources */ = {isa = PBXBuildFile; fileRef = BC17B944251891D3005B5C61 /* SceneDelegate.swift */; };
		BC17B947251891D3005B5C61 /* ViewController.swift in Sources */ = {isa = PBXBuildFile; fileRef = BC17B946251891D3005B5C61 /* ViewController.swift */; };
		BC17B94A251891D4005B5C61 /* Main.storyboard in Resources */ = {isa = PBXBuildFile; fileRef = BC17B948251891D4005B5C61 /* Main.storyboard */; };
		BC17B94C251891D6005B5C61 /* Assets.xcassets in Resources */ = {isa = PBXBuildFile; fileRef = BC17B94B251891D6005B5C61 /* Assets.xcassets */; };
		BC17B94F251891D6005B5C61 /* LaunchScreen.storyboard in Resources */ = {isa = PBXBuildFile; fileRef = BC17B94D251891D6005B5C61 /* LaunchScreen.storyboard */; };
		BC17B95B25189229005B5C61 /* BleManager.swift in Sources */ = {isa = PBXBuildFile; fileRef = BC17B95A25189229005B5C61 /* BleManager.swift */; };
		BC17B95D25189256005B5C61 /* BleModel.swift in Sources */ = {isa = PBXBuildFile; fileRef = BC17B95C25189256005B5C61 /* BleModel.swift */; };
		BC17B95F25189534005B5C61 /* BleLogger.swift in Sources */ = {isa = PBXBuildFile; fileRef = BC17B95E25189534005B5C61 /* BleLogger.swift */; };
		BC17B96125189DB9005B5C61 /* BleEventBus.swift in Sources */ = {isa = PBXBuildFile; fileRef = BC17B96025189DB9005B5C61 /* BleEventBus.swift */; };
		BC17B96325189F57005B5C61 /* HomeViewController.swift in Sources */ = {isa = PBXBuildFile; fileRef = BC17B96225189F57005B5C61 /* HomeViewController.swift */; };
		BC17B9652518A01C005B5C61 /* ComExtension.swift in Sources */ = {isa = PBXBuildFile; fileRef = BC17B9642518A01C005B5C61 /* ComExtension.swift */; };
		BC29584F2519A5FC00F685F6 /* DetailViewController.swift in Sources */ = {isa = PBXBuildFile; fileRef = BC29584E2519A5FC00F685F6 /* DetailViewController.swift */; };
		BC2958522519D17700F685F6 /* AddDeviceView.swift in Sources */ = {isa = PBXBuildFile; fileRef = BC2958512519D17700F685F6 /* AddDeviceView.swift */; };
/* End PBXBuildFile section */

/* Begin PBXFileReference section */
		BC17B93F251891D3005B5C61 /* BleManager_Swift.app */ = {isa = PBXFileReference; explicitFileType = wrapper.application; includeInIndex = 0; path = BleManager_Swift.app; sourceTree = BUILT_PRODUCTS_DIR; };
		BC17B942251891D3005B5C61 /* AppDelegate.swift */ = {isa = PBXFileReference; lastKnownFileType = sourcecode.swift; path = AppDelegate.swift; sourceTree = "<group>"; };
		BC17B944251891D3005B5C61 /* SceneDelegate.swift */ = {isa = PBXFileReference; lastKnownFileType = sourcecode.swift; path = SceneDelegate.swift; sourceTree = "<group>"; };
		BC17B946251891D3005B5C61 /* ViewController.swift */ = {isa = PBXFileReference; lastKnownFileType = sourcecode.swift; path = ViewController.swift; sourceTree = "<group>"; };
		BC17B949251891D4005B5C61 /* Base */ = {isa = PBXFileReference; lastKnownFileType = file.storyboard; name = Base; path = Base.lproj/Main.storyboard; sourceTree = "<group>"; };
		BC17B94B251891D6005B5C61 /* Assets.xcassets */ = {isa = PBXFileReference; lastKnownFileType = folder.assetcatalog; path = Assets.xcassets; sourceTree = "<group>"; };
		BC17B94E251891D6005B5C61 /* Base */ = {isa = PBXFileReference; lastKnownFileType = file.storyboard; name = Base; path = Base.lproj/LaunchScreen.storyboard; sourceTree = "<group>"; };
		BC17B950251891D6005B5C61 /* Info.plist */ = {isa = PBXFileReference; lastKnownFileType = text.plist.xml; path = Info.plist; sourceTree = "<group>"; };
		BC17B95A25189229005B5C61 /* BleManager.swift */ = {isa = PBXFileReference; lastKnownFileType = sourcecode.swift; path = BleManager.swift; sourceTree = "<group>"; };
		BC17B95C25189256005B5C61 /* BleModel.swift */ = {isa = PBXFileReference; lastKnownFileType = sourcecode.swift; path = BleModel.swift; sourceTree = "<group>"; };
		BC17B95E25189534005B5C61 /* BleLogger.swift */ = {isa = PBXFileReference; lastKnownFileType = sourcecode.swift; path = BleLogger.swift; sourceTree = "<group>"; };
		BC17B96025189DB9005B5C61 /* BleEventBus.swift */ = {isa = PBXFileReference; lastKnownFileType = sourcecode.swift; path = BleEventBus.swift; sourceTree = "<group>"; };
		BC17B96225189F57005B5C61 /* HomeViewController.swift */ = {isa = PBXFileReference; lastKnownFileType = sourcecode.swift; path = HomeViewController.swift; sourceTree = "<group>"; };
		BC17B9642518A01C005B5C61 /* ComExtension.swift */ = {isa = PBXFileReference; lastKnownFileType = sourcecode.swift; path = ComExtension.swift; sourceTree = "<group>"; };
		BC29584E2519A5FC00F685F6 /* DetailViewController.swift */ = {isa = PBXFileReference; lastKnownFileType = sourcecode.swift; path = DetailViewController.swift; sourceTree = "<group>"; };
		BC2958512519D17700F685F6 /* AddDeviceView.swift */ = {isa = PBXFileReference; lastKnownFileType = sourcecode.swift; path = AddDeviceView.swift; sourceTree = "<group>"; };
/* End PBXFileReference section */

/* Begin PBXFrameworksBuildPhase section */
		BC17B93C251891D3005B5C61 /* Frameworks */ = {
			isa = PBXFrameworksBuildPhase;
			buildActionMask = 2147483647;
			files = (
			);
			runOnlyForDeploymentPostprocessing = 0;
		};
/* End PBXFrameworksBuildPhase section */

/* Begin PBXGroup section */
		BC17B936251891D3005B5C61 = {
			isa = PBXGroup;
			children = (
				BC17B941251891D3005B5C61 /* BleManager_Swift */,
				BC17B940251891D3005B5C61 /* Products */,
			);
			sourceTree = "<group>";
		};
		BC17B940251891D3005B5C61 /* Products */ = {
			isa = PBXGroup;
			children = (
				BC17B93F251891D3005B5C61 /* BleManager_Swift.app */,
			);
			name = Products;
			sourceTree = "<group>";
		};
		BC17B941251891D3005B5C61 /* BleManager_Swift */ = {
			isa = PBXGroup;
			children = (
				BC17B95925189213005B5C61 /* BleManager */,
				BC17B958251891F6005B5C61 /* Main */,
				BC17B957251891ED005B5C61 /* Demo */,
				BC17B956251891E1005B5C61 /* Resources */,
				BC17B950251891D6005B5C61 /* Info.plist */,
			);
			path = BleManager_Swift;
			sourceTree = "<group>";
		};
		BC17B956251891E1005B5C61 /* Resources */ = {
			isa = PBXGroup;
			children = (
			);
			path = Resources;
			sourceTree = "<group>";
		};
		BC17B957251891ED005B5C61 /* Demo */ = {
			isa = PBXGroup;
			children = (
				BC2958502519D15000F685F6 /* View */,
				BC17B96225189F57005B5C61 /* HomeViewController.swift */,
				BC29584E2519A5FC00F685F6 /* DetailViewController.swift */,
			);
			path = Demo;
			sourceTree = "<group>";
		};
		BC17B958251891F6005B5C61 /* Main */ = {
			isa = PBXGroup;
			children = (
				BC17B942251891D3005B5C61 /* AppDelegate.swift */,
				BC17B944251891D3005B5C61 /* SceneDelegate.swift */,
				BC17B946251891D3005B5C61 /* ViewController.swift */,
				BC17B948251891D4005B5C61 /* Main.storyboard */,
				BC17B94B251891D6005B5C61 /* Assets.xcassets */,
				BC17B94D251891D6005B5C61 /* LaunchScreen.storyboard */,
			);
			path = Main;
			sourceTree = "<group>";
		};
		BC17B95925189213005B5C61 /* BleManager */ = {
			isa = PBXGroup;
			children = (
				BC17B95A25189229005B5C61 /* BleManager.swift */,
				BC17B95C25189256005B5C61 /* BleModel.swift */,
				BC17B95E25189534005B5C61 /* BleLogger.swift */,
				BC17B96025189DB9005B5C61 /* BleEventBus.swift */,
				BC17B9642518A01C005B5C61 /* ComExtension.swift */,
			);
			path = BleManager;
			sourceTree = "<group>";
		};
		BC2958502519D15000F685F6 /* View */ = {
			isa = PBXGroup;
			children = (
				BC2958512519D17700F685F6 /* AddDeviceView.swift */,
			);
			path = View;
			sourceTree = "<group>";
		};
/* End PBXGroup section */

/* Begin PBXNativeTarget section */
		BC17B93E251891D3005B5C61 /* BleManager_Swift */ = {
			isa = PBXNativeTarget;
			buildConfigurationList = BC17B953251891D6005B5C61 /* Build configuration list for PBXNativeTarget "BleManager_Swift" */;
			buildPhases = (
				BC17B93B251891D3005B5C61 /* Sources */,
				BC17B93C251891D3005B5C61 /* Frameworks */,
				BC17B93D251891D3005B5C61 /* Resources */,
			);
			buildRules = (
			);
			dependencies = (
			);
			name = BleManager_Swift;
			productName = BleManager_Swift;
			productReference = BC17B93F251891D3005B5C61 /* BleManager_Swift.app */;
			productType = "com.apple.product-type.application";
		};
/* End PBXNativeTarget section */

/* Begin PBXProject section */
		BC17B937251891D3005B5C61 /* Project object */ = {
			isa = PBXProject;
			attributes = {
				LastSwiftUpdateCheck = 1140;
				LastUpgradeCheck = 1140;
				ORGANIZATIONNAME = RND;
				TargetAttributes = {
					BC17B93E251891D3005B5C61 = {
						CreatedOnToolsVersion = 11.4;
					};
				};
			};
			buildConfigurationList = BC17B93A251891D3005B5C61 /* Build configuration list for PBXProject "BleManager_Swift" */;
			compatibilityVersion = "Xcode 9.3";
			developmentRegion = en;
			hasScannedForEncodings = 0;
			knownRegions = (
				en,
				Base,
			);
			mainGroup = BC17B936251891D3005B5C61;
			productRefGroup = BC17B940251891D3005B5C61 /* Products */;
			projectDirPath = "";
			projectRoot = "";
			targets = (
				BC17B93E251891D3005B5C61 /* BleManager_Swift */,
			);
		};
/* End PBXProject section */

/* Begin PBXResourcesBuildPhase section */
		BC17B93D251891D3005B5C61 /* Resources */ = {
			isa = PBXResourcesBuildPhase;
			buildActionMask = 2147483647;
			files = (
				BC17B94F251891D6005B5C61 /* LaunchScreen.storyboard in Resources */,
				BC17B94C251891D6005B5C61 /* Assets.xcassets in Resources */,
				BC17B94A251891D4005B5C61 /* Main.storyboard in Resources */,
			);
			runOnlyForDeploymentPostprocessing = 0;
		};
/* End PBXResourcesBuildPhase section */

/* Begin PBXSourcesBuildPhase section */
		BC17B93B251891D3005B5C61 /* Sources */ = {
			isa = PBXSourcesBuildPhase;
			buildActionMask = 2147483647;
			files = (
				BC17B947251891D3005B5C61 /* ViewController.swift in Sources */,
				BC2958522519D17700F685F6 /* AddDeviceView.swift in Sources */,
				BC17B9652518A01C005B5C61 /* ComExtension.swift in Sources */,
				BC17B95D25189256005B5C61 /* BleModel.swift in Sources */,
				BC17B95B25189229005B5C61 /* BleManager.swift in Sources */,
				BC17B96325189F57005B5C61 /* HomeViewController.swift in Sources */,
				BC17B96125189DB9005B5C61 /* BleEventBus.swift in Sources */,
				BC17B95F25189534005B5C61 /* BleLogger.swift in Sources */,
				BC29584F2519A5FC00F685F6 /* DetailViewController.swift in Sources */,
				BC17B943251891D3005B5C61 /* AppDelegate.swift in Sources */,
				BC17B945251891D3005B5C61 /* SceneDelegate.swift in Sources */,
			);
			runOnlyForDeploymentPostprocessing = 0;
		};
/* End PBXSourcesBuildPhase section */

/* Begin PBXVariantGroup section */
		BC17B948251891D4005B5C61 /* Main.storyboard */ = {
			isa = PBXVariantGroup;
			children = (
				BC17B949251891D4005B5C61 /* Base */,
			);
			name = Main.storyboard;
			sourceTree = "<group>";
		};
		BC17B94D251891D6005B5C61 /* LaunchScreen.storyboard */ = {
			isa = PBXVariantGroup;
			children = (
				BC17B94E251891D6005B5C61 /* Base */,
			);
			name = LaunchScreen.storyboard;
			sourceTree = "<group>";
		};
/* End PBXVariantGroup section */

/* Begin XCBuildConfiguration section */
		BC17B951251891D6005B5C61 /* Debug */ = {
			isa = XCBuildConfiguration;
			buildSettings = {
				ALWAYS_SEARCH_USER_PATHS = NO;
				CLANG_ANALYZER_NONNULL = YES;
				CLANG_ANALYZER_NUMBER_OBJECT_CONVERSION = YES_AGGRESSIVE;
				CLANG_CXX_LANGUAGE_STANDARD = "gnu++14";
				CLANG_CXX_LIBRARY = "libc++";
				CLANG_ENABLE_MODULES = YES;
				CLANG_ENABLE_OBJC_ARC = YES;
				CLANG_ENABLE_OBJC_WEAK = YES;
				CLANG_WARN_BLOCK_CAPTURE_AUTORELEASING = YES;
				CLANG_WARN_BOOL_CONVERSION = YES;
				CLANG_WARN_COMMA = YES;
				CLANG_WARN_CONSTANT_CONVERSION = YES;
				CLANG_WARN_DEPRECATED_OBJC_IMPLEMENTATIONS = YES;
				CLANG_WARN_DIRECT_OBJC_ISA_USAGE = YES_ERROR;
				CLANG_WARN_DOCUMENTATION_COMMENTS = YES;
				CLANG_WARN_EMPTY_BODY = YES;
				CLANG_WARN_ENUM_CONVERSION = YES;
				CLANG_WARN_INFINITE_RECURSION = YES;
				CLANG_WARN_INT_CONVERSION = YES;
				CLANG_WARN_NON_LITERAL_NULL_CONVERSION = YES;
				CLANG_WARN_OBJC_IMPLICIT_RETAIN_SELF = YES;
				CLANG_WARN_OBJC_LITERAL_CONVERSION = YES;
				CLANG_WARN_OBJC_ROOT_CLASS = YES_ERROR;
				CLANG_WARN_RANGE_LOOP_ANALYSIS = YES;
				CLANG_WARN_STRICT_PROTOTYPES = YES;
				CLANG_WARN_SUSPICIOUS_MOVE = YES;
				CLANG_WARN_UNGUARDED_AVAILABILITY = YES_AGGRESSIVE;
				CLANG_WARN_UNREACHABLE_CODE = YES;
				CLANG_WARN__DUPLICATE_METHOD_MATCH = YES;
				COPY_PHASE_STRIP = NO;
				DEBUG_INFORMATION_FORMAT = dwarf;
				ENABLE_STRICT_OBJC_MSGSEND = YES;
				ENABLE_TESTABILITY = YES;
				GCC_C_LANGUAGE_STANDARD = gnu11;
				GCC_DYNAMIC_NO_PIC = NO;
				GCC_NO_COMMON_BLOCKS = YES;
				GCC_OPTIMIZATION_LEVEL = 0;
				GCC_PREPROCESSOR_DEFINITIONS = (
					"DEBUG=1",
					"$(inherited)",
				);
				GCC_WARN_64_TO_32_BIT_CONVERSION = YES;
				GCC_WARN_ABOUT_RETURN_TYPE = YES_ERROR;
				GCC_WARN_UNDECLARED_SELECTOR = YES;
				GCC_WARN_UNINITIALIZED_AUTOS = YES_AGGRESSIVE;
				GCC_WARN_UNUSED_FUNCTION = YES;
				GCC_WARN_UNUSED_VARIABLE = YES;
				IPHONEOS_DEPLOYMENT_TARGET = 13.4;
				MTL_ENABLE_DEBUG_INFO = INCLUDE_SOURCE;
				MTL_FAST_MATH = YES;
				ONLY_ACTIVE_ARCH = YES;
				SDKROOT = iphoneos;
				SWIFT_ACTIVE_COMPILATION_CONDITIONS = DEBUG;
				SWIFT_OPTIMIZATION_LEVEL = "-Onone";
			};
			name = Debug;
		};
		BC17B952251891D6005B5C61 /* Release */ = {
			isa = XCBuildConfiguration;
			buildSettings = {
				ALWAYS_SEARCH_USER_PATHS = NO;
				CLANG_ANALYZER_NONNULL = YES;
				CLANG_ANALYZER_NUMBER_OBJECT_CONVERSION = YES_AGGRESSIVE;
				CLANG_CXX_LANGUAGE_STANDARD = "gnu++14";
				CLANG_CXX_LIBRARY = "libc++";
				CLANG_ENABLE_MODULES = YES;
				CLANG_ENABLE_OBJC_ARC = YES;
				CLANG_ENABLE_OBJC_WEAK = YES;
				CLANG_WARN_BLOCK_CAPTURE_AUTORELEASING = YES;
				CLANG_WARN_BOOL_CONVERSION = YES;
				CLANG_WARN_COMMA = YES;
				CLANG_WARN_CONSTANT_CONVERSION = YES;
				CLANG_WARN_DEPRECATED_OBJC_IMPLEMENTATIONS = YES;
				CLANG_WARN_DIRECT_OBJC_ISA_USAGE = YES_ERROR;
				CLANG_WARN_DOCUMENTATION_COMMENTS = YES;
				CLANG_WARN_EMPTY_BODY = YES;
				CLANG_WARN_ENUM_CONVERSION = YES;
				CLANG_WARN_INFINITE_RECURSION = YES;
				CLANG_WARN_INT_CONVERSION = YES;
				CLANG_WARN_NON_LITERAL_NULL_CONVERSION = YES;
				CLANG_WARN_OBJC_IMPLICIT_RETAIN_SELF = YES;
				CLANG_WARN_OBJC_LITERAL_CONVERSION = YES;
				CLANG_WARN_OBJC_ROOT_CLASS = YES_ERROR;
				CLANG_WARN_RANGE_LOOP_ANALYSIS = YES;
				CLANG_WARN_STRICT_PROTOTYPES = YES;
				CLANG_WARN_SUSPICIOUS_MOVE = YES;
				CLANG_WARN_UNGUARDED_AVAILABILITY = YES_AGGRESSIVE;
				CLANG_WARN_UNREACHABLE_CODE = YES;
				CLANG_WARN__DUPLICATE_METHOD_MATCH = YES;
				COPY_PHASE_STRIP = NO;
				DEBUG_INFORMATION_FORMAT = "dwarf-with-dsym";
				ENABLE_NS_ASSERTIONS = NO;
				ENABLE_STRICT_OBJC_MSGSEND = YES;
				GCC_C_LANGUAGE_STANDARD = gnu11;
				GCC_NO_COMMON_BLOCKS = YES;
				GCC_WARN_64_TO_32_BIT_CONVERSION = YES;
				GCC_WARN_ABOUT_RETURN_TYPE = YES_ERROR;
				GCC_WARN_UNDECLARED_SELECTOR = YES;
				GCC_WARN_UNINITIALIZED_AUTOS = YES_AGGRESSIVE;
				GCC_WARN_UNUSED_FUNCTION = YES;
				GCC_WARN_UNUSED_VARIABLE = YES;
				IPHONEOS_DEPLOYMENT_TARGET = 13.4;
				MTL_ENABLE_DEBUG_INFO = NO;
				MTL_FAST_MATH = YES;
				SDKROOT = iphoneos;
				SWIFT_COMPILATION_MODE = wholemodule;
				SWIFT_OPTIMIZATION_LEVEL = "-O";
				VALIDATE_PRODUCT = YES;
			};
			name = Release;
		};
		BC17B954251891D6005B5C61 /* Debug */ = {
			isa = XCBuildConfiguration;
			buildSettings = {
				ASSETCATALOG_COMPILER_APPICON_NAME = AppIcon;
				CODE_SIGN_STYLE = Automatic;
				DEVELOPMENT_TEAM = 4B5F6ELE34;
				INFOPLIST_FILE = BleManager_Swift/Info.plist;
				IPHONEOS_DEPLOYMENT_TARGET = 10.0;
				LD_RUNPATH_SEARCH_PATHS = (
					"$(inherited)",
					"@executable_path/Frameworks",
				);
				PRODUCT_BUNDLE_IDENTIFIER = "com.rnd.BleManager-Swift";
				PRODUCT_NAME = "$(TARGET_NAME)";
				SWIFT_VERSION = 5.0;
				TARGETED_DEVICE_FAMILY = "1,2";
			};
			name = Debug;
		};
		BC17B955251891D6005B5C61 /* Release */ = {
			isa = XCBuildConfiguration;
			buildSettings = {
				ASSETCATALOG_COMPILER_APPICON_NAME = AppIcon;
				CODE_SIGN_STYLE = Automatic;
				DEVELOPMENT_TEAM = 4B5F6ELE34;
				INFOPLIST_FILE = BleManager_Swift/Info.plist;
				IPHONEOS_DEPLOYMENT_TARGET = 10.0;
				LD_RUNPATH_SEARCH_PATHS = (
					"$(inherited)",
					"@executable_path/Frameworks",
				);
				PRODUCT_BUNDLE_IDENTIFIER = "com.rnd.BleManager-Swift";
				PRODUCT_NAME = "$(TARGET_NAME)";
				SWIFT_VERSION = 5.0;
				TARGETED_DEVICE_FAMILY = "1,2";
			};
			name = Release;
		};
/* End XCBuildConfiguration section */

/* Begin XCConfigurationList section */
		BC17B93A251891D3005B5C61 /* Build configuration list for PBXProject "BleManager_Swift" */ = {
			isa = XCConfigurationList;
			buildConfigurations = (
				BC17B951251891D6005B5C61 /* Debug */,
				BC17B952251891D6005B5C61 /* Release */,
			);
			defaultConfigurationIsVisible = 0;
			defaultConfigurationName = Release;
		};
		BC17B953251891D6005B5C61 /* Build configuration list for PBXNativeTarget "BleManager_Swift" */ = {
			isa = XCConfigurationList;
			buildConfigurations = (
				BC17B954251891D6005B5C61 /* Debug */,
				BC17B955251891D6005B5C61 /* Release */,
			);
			defaultConfigurationIsVisible = 0;
			defaultConfigurationName = Release;
		};
/* End XCConfigurationList section */
	};
	rootObject = BC17B937251891D3005B5C61 /* Project object */;
}
